{
  "version": "5",
  "specifiers": {
    "jsr:@std/assert@1": "1.0.19",
    "jsr:@std/internal@^1.0.12": "1.0.14",
    "jsr:@supabase/supabase-js@2": "2.112.3"
  },
  "jsr": {
    "@std/assert@1.0.19": {
      "integrity": "eaada96ee120cb980bc47e040f82814d786fe8162ecc53c91d8df60b8755991e",
      "dependencies": [
        "jsr:@std/internal"
      ]
    },
    "@std/internal@1.0.14": {
      "integrity": "291516b3d4c35024d6ffbc0a9df5bf4c64116e05b50012cf846710152d2ffdf7"
    },
    "@supabase/supabase-js@2.112.3": {
      "integrity": "114dd7d327daa11fb5b876bc447c47a8c1b9bf3f0d0ed05b308a60639b134b7b"
    }
  },
  "workspace": {
    "packageJson": {
      "dependencies": [
        "npm:@aptabase/react-native@0.6",
        "npm:@biomejs/biome@^2.5.9",
        "npm:@callstack/liquid-glass@0.8",
        "npm:@expo/ui@~57.0.11",
        "npm:@legendapp/list@^3.3.5",
        "npm:@react-native-async-storage/async-storage@2.2.0",
        "npm:@react-native-community/cli@^20.2.0",
        "npm:@sentry/react-native@7.11",
        "npm:@shopify/flash-list@2.0.2",
        "npm:@supabase/supabase-js@^2.112.3",
        "npm:@swmansion/argent@0.18",
        "npm:@tanstack/query-async-storage-persister@^5.101.4",
        "npm:@tanstack/react-query-persist-client@^5.101.4",
        "npm:@tanstack/react-query@^5.101.4",
        "npm:@testing-library/react-native@^14.0.1",
        "npm:@types/jest@29.5.14",
        "npm:@types/node@^24.13.3",
        "npm:@types/react@~19.2.2",
        "npm:agent-device@~0.20.10",
        "npm:babel-preset-expo@^57.0.7",
        "npm:dotenv-cli@11",
        "npm:dotenv@^17.4.2",
        "npm:expo-application@~57.0.2",
        "npm:expo-background-task@~57.0.11",
        "npm:expo-camera@~57.0.3",
        "npm:expo-clipboard@^57.0.1",
        "npm:expo-constants@~57.0.12",
        "npm:expo-crypto@~57.0.1",
        "npm:expo-dev-client@~57.0.14",
        "npm:expo-device@~57.0.1",
        "npm:expo-file-system@~57.0.4",
        "npm:expo-font@~57.0.1",
        "npm:expo-glass-effect@~57.0.1",
        "npm:expo-haptics@~57.0.1",
        "npm:expo-image-picker@~57.0.11",
        "npm:expo-image@~57.0.3",
        "npm:expo-keep-awake@~57.0.1",
        "npm:expo-linking@~57.0.6",
        "npm:expo-localization@~57.0.1",
        "npm:expo-mcp@~0.2.1",
        "npm:expo-network@~57.0.1",
        "npm:expo-notifications@~57.0.12",
        "npm:expo-observe@~57.0.14",
        "npm:expo-router@~57.0.14",
        "npm:expo-secure-store@~57.0.1",
        "npm:expo-sharing@~57.0.13",
        "npm:expo-splash-screen@~57.0.7",
        "npm:expo-sqlite@~57.0.1",
        "npm:expo-status-bar@~57.0.1",
        "npm:expo-symbols@~57.0.2",
        "npm:expo-system-ui@~57.0.2",
        "npm:expo-task-manager@~57.0.11",
        "npm:expo-web-browser@~57.0.2",
        "npm:expo@~57.0.14",
        "npm:jest-expo@~57.0.4",
        "npm:jest@29.7",
        "npm:nativewind@^4.2.6",
        "npm:posthog-react-native@^4.63.5",
        "npm:prettier-plugin-tailwindcss@~0.5.11",
        "npm:react-dom@19.2.3",
        "npm:react-native-gesture-handler@2.32",
        "npm:react-native-google-mobile-ads@^16.5.0",
        "npm:react-native-keyboard-controller@1.21.9",
        "npm:react-native-purchases-ui@^10.7.1",
        "npm:react-native-purchases@^10.7.1",
        "npm:react-native-qrcode-svg@^6.3.21",
        "npm:react-native-reanimated@~4.5.3",
        "npm:react-native-reorderable-list@~0.18.1",
        "npm:react-native-safe-area-context@^5.9.1",
        "npm:react-native-screens@^4.27.0",
        "npm:react-native-svg@15.15.4",
        "npm:react-native-url-polyfill@4",
        "npm:react-native-web@0.21",
        "npm:react-native-worklets@0.10.1",
        "npm:react-native@0.86.2",
        "npm:react@19.2.3",
        "npm:tailwindcss@^3.4.17",
        "npm:test-renderer@^1.2.0",
        "npm:ts-jest@^29.4.12",
        "npm:typescript@~6.0.3",
        "npm:zod@^4.4.3"
      ]
    }
  }
}
